
Microsoft Visual Studio Solution File, Format Version 12.00
# Visual Studio Version 16
VisualStudioVersion = 16.0.30114.105
MinimumVisualStudioVersion = 10.0.40219.1
Project("{2150E333-8FDC-42A3-9474-1A3956D46DE8}") = "src", "src", "{1B4F0B95-E582-4B8F-B9A3-8F28EE635ACF}"
EndProject
Project("{FAE04EC0-301F-11D3-BF4B-00C04F79EFBC}") = "EStore.Api", "src\EStore.Api\EStore.Api.csproj", "{B496ED26-1343-4099-81EF-1F05593C312E}"
EndProject
Project("{FAE04EC0-301F-11D3-BF4B-00C04F79EFBC}") = "EStore.Application", "src\EStore.Application\EStore.Application.csproj", "{E3D5C91D-0BA6-40EF-B802-9FFA70D41440}"
EndProject
Project("{FAE04EC0-301F-11D3-BF4B-00C04F79EFBC}") = "EStore.Contracts", "src\EStore.Contracts\EStore.Contracts.csproj", "{DA162066-F288-42F2-8006-758158437151}"
EndProject
Project("{FAE04EC0-301F-11D3-BF4B-00C04F79EFBC}") = "EStore.Domain", "src\EStore.Domain\EStore.Domain.csproj", "{BFFC3779-EC78-451C-9976-C873317F709F}"
EndProject
Project("{FAE04EC0-301F-11D3-BF4B-00C04F79EFBC}") = "EStore.Infrastructure", "src\EStore.Infrastructure\EStore.Infrastructure.csproj", "{458595CA-CBC5-4E56-BEBD-12187B4B72AC}"
EndProject
Project("{2150E333-8FDC-42A3-9474-1A3956D46DE8}") = "tests", "tests", "{5FC8063A-CFD4-4E9C-8DAE-0634C4037F5F}"
EndProject
Project("{2150E333-8FDC-42A3-9474-1A3956D46DE8}") = "UnitTests", "UnitTests", "{CE361919-8DCA-4A04-B907-630317F6C2D8}"
EndProject
Project("{FAE04EC0-301F-11D3-BF4B-00C04F79EFBC}") = "EStore.Api.UnitTests", "tests\UnitTests\EStore.Api.UnitTests\EStore.Api.UnitTests.csproj", "{DDED8DB2-EBB2-4631-9CF4-7C6C89AF8A9C}"
EndProject
Project("{FAE04EC0-301F-11D3-BF4B-00C04F79EFBC}") = "EStore.Application.UnitTests", "tests\UnitTests\EStore.Application.UnitTests\EStore.Application.UnitTests.csproj", "{390C679E-359D-48FF-AA70-A6A2A8773F60}"
EndProject
Project("{FAE04EC0-301F-11D3-BF4B-00C04F79EFBC}") = "EStore.Domain.UnitTests", "tests\UnitTests\EStore.Domain.UnitTests\EStore.Domain.UnitTests.csproj", "{A32BB667-3586-4775-B960-E6D2E0427B6C}"
EndProject
Project("{FAE04EC0-301F-11D3-BF4B-00C04F79EFBC}") = "EStore.Infrastructure.UnitTests", "tests\UnitTests\EStore.Infrastructure.UnitTests\EStore.Infrastructure.UnitTests.csproj", "{771F25D3-A329-49AE-9B00-50980E2D3469}"
EndProject
Global
	GlobalSection(SolutionConfigurationPlatforms) = preSolution
		Debug|Any CPU = Debug|Any CPU
		Release|Any CPU = Release|Any CPU
	EndGlobalSection
	GlobalSection(SolutionProperties) = preSolution
		HideSolutionNode = FALSE
	EndGlobalSection
	GlobalSection(ProjectConfigurationPlatforms) = postSolution
		{B496ED26-1343-4099-81EF-1F05593C312E}.Debug|Any CPU.ActiveCfg = Debug|Any CPU
		{B496ED26-1343-4099-81EF-1F05593C312E}.Debug|Any CPU.Build.0 = Debug|Any CPU
		{B496ED26-1343-4099-81EF-1F05593C312E}.Release|Any CPU.ActiveCfg = Release|Any CPU
		{B496ED26-1343-4099-81EF-1F05593C312E}.Release|Any CPU.Build.0 = Release|Any CPU
		{E3D5C91D-0BA6-40EF-B802-9FFA70D41440}.Debug|Any CPU.ActiveCfg = Debug|Any CPU
		{E3D5C91D-0BA6-40EF-B802-9FFA70D41440}.Debug|Any CPU.Build.0 = Debug|Any CPU
		{E3D5C91D-0BA6-40EF-B802-9FFA70D41440}.Release|Any CPU.ActiveCfg = Release|Any CPU
		{E3D5C91D-0BA6-40EF-B802-9FFA70D41440}.Release|Any CPU.Build.0 = Release|Any CPU
		{DA162066-F288-42F2-8006-758158437151}.Debug|Any CPU.ActiveCfg = Debug|Any CPU
		{DA162066-F288-42F2-8006-758158437151}.Debug|Any CPU.Build.0 = Debug|Any CPU
		{DA162066-F288-42F2-8006-758158437151}.Release|Any CPU.ActiveCfg = Release|Any CPU
		{DA162066-F288-42F2-8006-758158437151}.Release|Any CPU.Build.0 = Release|Any CPU
		{BFFC3779-EC78-451C-9976-C873317F709F}.Debug|Any CPU.ActiveCfg = Debug|Any CPU
		{BFFC3779-EC78-451C-9976-C873317F709F}.Debug|Any CPU.Build.0 = Debug|Any CPU
		{BFFC3779-EC78-451C-9976-C873317F709F}.Release|Any CPU.ActiveCfg = Release|Any CPU
		{BFFC3779-EC78-451C-9976-C873317F709F}.Release|Any CPU.Build.0 = Release|Any CPU
		{458595CA-CBC5-4E56-BEBD-12187B4B72AC}.Debug|Any CPU.ActiveCfg = Debug|Any CPU
		{458595CA-CBC5-4E56-BEBD-12187B4B72AC}.Debug|Any CPU.Build.0 = Debug|Any CPU
		{458595CA-CBC5-4E56-BEBD-12187B4B72AC}.Release|Any CPU.ActiveCfg = Release|Any CPU
		{458595CA-CBC5-4E56-BEBD-12187B4B72AC}.Release|Any CPU.Build.0 = Release|Any CPU
		{DDED8DB2-EBB2-4631-9CF4-7C6C89AF8A9C}.Debug|Any CPU.ActiveCfg = Debug|Any CPU
		{DDED8DB2-EBB2-4631-9CF4-7C6C89AF8A9C}.Debug|Any CPU.Build.0 = Debug|Any CPU
		{DDED8DB2-EBB2-4631-9CF4-7C6C89AF8A9C}.Release|Any CPU.ActiveCfg = Release|Any CPU
		{DDED8DB2-EBB2-4631-9CF4-7C6C89AF8A9C}.Release|Any CPU.Build.0 = Release|Any CPU
		{390C679E-359D-48FF-AA70-A6A2A8773F60}.Debug|Any CPU.ActiveCfg = Debug|Any CPU
		{390C679E-359D-48FF-AA70-A6A2A8773F60}.Debug|Any CPU.Build.0 = Debug|Any CPU
		{390C679E-359D-48FF-AA70-A6A2A8773F60}.Release|Any CPU.ActiveCfg = Release|Any CPU
		{390C679E-359D-48FF-AA70-A6A2A8773F60}.Release|Any CPU.Build.0 = Release|Any CPU
		{A32BB667-3586-4775-B960-E6D2E0427B6C}.Debug|Any CPU.ActiveCfg = Debug|Any CPU
		{A32BB667-3586-4775-B960-E6D2E0427B6C}.Debug|Any CPU.Build.0 = Debug|Any CPU
		{A32BB667-3586-4775-B960-E6D2E0427B6C}.Release|Any CPU.ActiveCfg = Release|Any CPU
		{A32BB667-3586-4775-B960-E6D2E0427B6C}.Release|Any CPU.Build.0 = Release|Any CPU
		{771F25D3-A329-49AE-9B00-50980E2D3469}.Debug|Any CPU.ActiveCfg = Debug|Any CPU
		{771F25D3-A329-49AE-9B00-50980E2D3469}.Debug|Any CPU.Build.0 = Debug|Any CPU
		{771F25D3-A329-49AE-9B00-50980E2D3469}.Release|Any CPU.ActiveCfg = Release|Any CPU
		{771F25D3-A329-49AE-9B00-50980E2D3469}.Release|Any CPU.Build.0 = Release|Any CPU
	EndGlobalSection
	GlobalSection(NestedProjects) = preSolution
		{B496ED26-1343-4099-81EF-1F05593C312E} = {1B4F0B95-E582-4B8F-B9A3-8F28EE635ACF}
		{E3D5C91D-0BA6-40EF-B802-9FFA70D41440} = {1B4F0B95-E582-4B8F-B9A3-8F28EE635ACF}
		{DA162066-F288-42F2-8006-758158437151} = {1B4F0B95-E582-4B8F-B9A3-8F28EE635ACF}
		{BFFC3779-EC78-451C-9976-C873317F709F} = {1B4F0B95-E582-4B8F-B9A3-8F28EE635ACF}
		{458595CA-CBC5-4E56-BEBD-12187B4B72AC} = {1B4F0B95-E582-4B8F-B9A3-8F28EE635ACF}
		{CE361919-8DCA-4A04-B907-630317F6C2D8} = {5FC8063A-CFD4-4E9C-8DAE-0634C4037F5F}
		{DDED8DB2-EBB2-4631-9CF4-7C6C89AF8A9C} = {CE361919-8DCA-4A04-B907-630317F6C2D8}
		{390C679E-359D-48FF-AA70-A6A2A8773F60} = {CE361919-8DCA-4A04-B907-630317F6C2D8}
		{A32BB667-3586-4775-B960-E6D2E0427B6C} = {CE361919-8DCA-4A04-B907-630317F6C2D8}
		{771F25D3-A329-49AE-9B00-50980E2D3469} = {CE361919-8DCA-4A04-B907-630317F6C2D8}
	EndGlobalSection
EndGlobal
